
Microsoft Visual Studio Solution File, Format Version 12.00
# Visual Studio Version 16
VisualStudioVersion = 16.0.31410.357
MinimumVisualStudioVersion = 10.0.40219.1
Project("{FAE04EC0-301F-11D3-BF4B-00C04F79EFBC}") = "AppsPresencial", "AppsPresencial\AppsPresencial.csproj", "{5EA385BE-BA2A-480D-BC54-37E981250CAE}"
EndProject
Global
	GlobalSection(SolutionConfigurationPlatforms) = preSolution
		Debug|Any CPU = Debug|Any CPU
		Release|Any CPU = Release|Any CPU
	EndGlobalSection
	GlobalSection(ProjectConfigurationPlatforms) = postSolution
		{5EA385BE-BA2A-480D-BC54-37E981250CAE}.Debug|Any CPU.ActiveCfg = Debug|Any CPU
		{5EA385BE-BA2A-480D-BC54-37E981250CAE}.Debug|Any CPU.Build.0 = Debug|Any CPU
		{5EA385BE-BA2A-480D-BC54-37E981250CAE}.Release|Any CPU.ActiveCfg = Release|Any CPU
		{5EA385BE-BA2A-480D-BC54-37E981250CAE}.Release|Any CPU.Build.0 = Release|Any CPU
	EndGlobalSection
	GlobalSection(SolutionProperties) = preSolution
		HideSolutionNode = FALSE
	EndGlobalSection
	GlobalSection(ExtensibilityGlobals) = postSolution
		SolutionGuid = {C0388DB7-E552-4B00-96BA-7CF51DAB384E}
	EndGlobalSection
EndGlobal
